
Microsoft Visual Studio Solution File, Format Version 12.00
# Visual Studio Version 16
VisualStudioVersion = 16.0.30523.141
MinimumVisualStudioVersion = 10.0.40219.1
Project("{FAE04EC0-301F-11D3-BF4B-00C04F79EFBC}") = "WebApp7681", "WebApp7681\WebApp7681.csproj", "{A9F2BDBC-E13E-4CE2-9B1D-A94DA6300F19}"
EndProject
Global
	GlobalSection(SolutionConfigurationPlatforms) = preSolution
		Debug|Any CPU = Debug|Any CPU
		Release|Any CPU = Release|Any CPU
	EndGlobalSection
	GlobalSection(ProjectConfigurationPlatforms) = postSolution
		{A9F2BDBC-E13E-4CE2-9B1D-A94DA6300F19}.Debug|Any CPU.ActiveCfg = Debug|Any CPU
		{A9F2BDBC-E13E-4CE2-9B1D-A94DA6300F19}.Debug|Any CPU.Build.0 = Debug|Any CPU
		{A9F2BDBC-E13E-4CE2-9B1D-A94DA6300F19}.Release|Any CPU.ActiveCfg = Release|Any CPU
		{A9F2BDBC-E13E-4CE2-9B1D-A94DA6300F19}.Release|Any CPU.Build.0 = Release|Any CPU
	EndGlobalSection
	GlobalSection(SolutionProperties) = preSolution
		HideSolutionNode = FALSE
	EndGlobalSection
	GlobalSection(ExtensibilityGlobals) = postSolution
		SolutionGuid = {E45D936C-69EB-4D98-9D1F-5857B7E1F52C}
	EndGlobalSection
EndGlobal
